
Microsoft Visual Studio Solution File, Format Version 12.00
# Visual Studio Version 16
VisualStudioVersion = 16.0.29326.143
MinimumVisualStudioVersion = 10.0.40219.1
Project("{9A19103F-16F7-4668-BE54-9A1E7A4F7556}") = "GymNotes", "GymNotes.csproj", "{D7113F5E-D9C3-4CBA-99A9-AE44DBFC308A}"
EndProject
Project("{FAE04EC0-301F-11D3-BF4B-00C04F79EFBC}") = "GymNotes.Repository", "..\GymNotes.Repository\GymNotes.Repository.csproj", "{E3677DA4-457D-419C-A017-5A6D2B8C6278}"
EndProject
Project("{FAE04EC0-301F-11D3-BF4B-00C04F79EFBC}") = "GymNotes.Service", "..\GymNotes.Service\GymNotes.Service.csproj", "{C10D7A6D-D442-429C-B4A4-43F00F11CE43}"
EndProject
Project("{FAE04EC0-301F-11D3-BF4B-00C04F79EFBC}") = "GymNotes.Entity", "..\GymNotes.Entity\GymNotes.Entity.csproj", "{CED28ABE-ECD0-4F55-9B9F-636B00A77FA0}"
EndProject
Global
	GlobalSection(SolutionConfigurationPlatforms) = preSolution
		Debug|Any CPU = Debug|Any CPU
		Release|Any CPU = Release|Any CPU
	EndGlobalSection
	GlobalSection(ProjectConfigurationPlatforms) = postSolution
		{D7113F5E-D9C3-4CBA-99A9-AE44DBFC308A}.Debug|Any CPU.ActiveCfg = Debug|Any CPU
		{D7113F5E-D9C3-4CBA-99A9-AE44DBFC308A}.Debug|Any CPU.Build.0 = Debug|Any CPU
		{D7113F5E-D9C3-4CBA-99A9-AE44DBFC308A}.Release|Any CPU.ActiveCfg = Release|Any CPU
		{D7113F5E-D9C3-4CBA-99A9-AE44DBFC308A}.Release|Any CPU.Build.0 = Release|Any CPU
		{E3677DA4-457D-419C-A017-5A6D2B8C6278}.Debug|Any CPU.ActiveCfg = Debug|Any CPU
		{E3677DA4-457D-419C-A017-5A6D2B8C6278}.Debug|Any CPU.Build.0 = Debug|Any CPU
		{E3677DA4-457D-419C-A017-5A6D2B8C6278}.Release|Any CPU.ActiveCfg = Release|Any CPU
		{E3677DA4-457D-419C-A017-5A6D2B8C6278}.Release|Any CPU.Build.0 = Release|Any CPU
		{C10D7A6D-D442-429C-B4A4-43F00F11CE43}.Debug|Any CPU.ActiveCfg = Debug|Any CPU
		{C10D7A6D-D442-429C-B4A4-43F00F11CE43}.Debug|Any CPU.Build.0 = Debug|Any CPU
		{C10D7A6D-D442-429C-B4A4-43F00F11CE43}.Release|Any CPU.ActiveCfg = Release|Any CPU
		{C10D7A6D-D442-429C-B4A4-43F00F11CE43}.Release|Any CPU.Build.0 = Release|Any CPU
		{CED28ABE-ECD0-4F55-9B9F-636B00A77FA0}.Debug|Any CPU.ActiveCfg = Debug|Any CPU
		{CED28ABE-ECD0-4F55-9B9F-636B00A77FA0}.Debug|Any CPU.Build.0 = Debug|Any CPU
		{CED28ABE-ECD0-4F55-9B9F-636B00A77FA0}.Release|Any CPU.ActiveCfg = Release|Any CPU
		{CED28ABE-ECD0-4F55-9B9F-636B00A77FA0}.Release|Any CPU.Build.0 = Release|Any CPU
	EndGlobalSection
	GlobalSection(SolutionProperties) = preSolution
		HideSolutionNode = FALSE
	EndGlobalSection
	GlobalSection(ExtensibilityGlobals) = postSolution
		SolutionGuid = {7996E666-1E68-4343-A7DB-5F66E4FCD099}
	EndGlobalSection
EndGlobal
